
Microsoft Visual Studio Solution File, Format Version 12.00
# Visual Studio Version 17
VisualStudioVersion = 17.13.35825.156 d17.13
MinimumVisualStudioVersion = 10.0.40219.1
Project("{FAE04EC0-301F-11D3-BF4B-00C04F79EFBC}") = "test", "test\test.csproj", "{C175C73E-49A2-4536-905F-8AE05B769AB4}"
	ProjectSection(ProjectDependencies) = postProject
		{ED935C7C-54EE-47E1-8A64-AF1A3D8F3905} = {ED935C7C-54EE-47E1-8A64-AF1A3D8F3905}
	EndProjectSection
EndProject
Project("{FAE04EC0-301F-11D3-BF4B-00C04F79EFBC}") = "library", "library\library.csproj", "{ED935C7C-54EE-47E1-8A64-AF1A3D8F3905}"
EndProject
Global
	GlobalSection(SolutionConfigurationPlatforms) = preSolution
		Debug|Any CPU = Debug|Any CPU
		Release|Any CPU = Release|Any CPU
	EndGlobalSection
	GlobalSection(ProjectConfigurationPlatforms) = postSolution
		{C175C73E-49A2-4536-905F-8AE05B769AB4}.Debug|Any CPU.ActiveCfg = Debug|Any CPU
		{C175C73E-49A2-4536-905F-8AE05B769AB4}.Debug|Any CPU.Build.0 = Debug|Any CPU
		{C175C73E-49A2-4536-905F-8AE05B769AB4}.Release|Any CPU.ActiveCfg = Release|Any CPU
		{C175C73E-49A2-4536-905F-8AE05B769AB4}.Release|Any CPU.Build.0 = Release|Any CPU
		{ED935C7C-54EE-47E1-8A64-AF1A3D8F3905}.Debug|Any CPU.ActiveCfg = Debug|Any CPU
		{ED935C7C-54EE-47E1-8A64-AF1A3D8F3905}.Debug|Any CPU.Build.0 = Debug|Any CPU
		{ED935C7C-54EE-47E1-8A64-AF1A3D8F3905}.Release|Any CPU.ActiveCfg = Release|Any CPU
		{ED935C7C-54EE-47E1-8A64-AF1A3D8F3905}.Release|Any CPU.Build.0 = Release|Any CPU
	EndGlobalSection
	GlobalSection(SolutionProperties) = preSolution
		HideSolutionNode = FALSE
	EndGlobalSection
	GlobalSection(ExtensibilityGlobals) = postSolution
		SolutionGuid = {B903273A-1418-46D1-81E8-BD8EBE2184B2}
	EndGlobalSection
EndGlobal
